{
  "name": "chatassistx-youtube-server",
  "version": "1.0.0",
  "lockfileVersion": 3,
  "requires": true,
  "packages": {
    "": {
      "name": "chatassistx-youtube-server",
      "version": "1.0.0",
      "dependencies": {
        "ws": "^8.18.0",
        "youtubei.js": "^16.0.1"
      }
    },
    "node_modules/@bufbuild/protobuf": {
      "version": "2.11.0",
      "resolved": "https://registry.npmjs.org/@bufbuild/protobuf/-/protobuf-2.11.0.tgz",
      "integrity": "sha512-sBXGT13cpmPR5BMgHE6UEEfEaShh5Ror6rfN3yEK5si7QVrtZg8LEPQb0VVhiLRUslD2yLnXtnRzG035J/mZXQ==",
      "license": "(Apache-2.0 AND BSD-3-Clause)"
    },
    "node_modules/meriyah": {
      "version": "6.1.4",
      "resolved": "https://registry.npmjs.org/meriyah/-/meriyah-6.1.4.tgz",
      "integrity": "sha512-Sz8FzjzI0kN13GK/6MVEsVzMZEPvOhnmmI1lU5+/1cGOiK3QUahntrNNtdVeihrO7t9JpoH75iMNXg6R6uWflQ==",
      "license": "ISC",
      "engines": {
        "node": ">=18.0.0"
      }
    },
    "node_modules/ws": {
      "version": "8.19.0",
      "resolved": "https://registry.npmjs.org/ws/-/ws-8.19.0.tgz",
      "integrity": "sha512-blAT2mjOEIi0ZzruJfIhb3nps74PRWTCz1IjglWEEpQl5XS/UNama6u2/rjFkDDouqr4L67ry+1aGIALViWjDg==",
      "license": "MIT",
      "engines": {
        "node": ">=10.0.0"
      },
      "peerDependencies": {
        "bufferutil": "^4.0.1",
        "utf-8-validate": ">=5.0.2"
      },
      "peerDependenciesMeta": {
        "bufferutil": {
          "optional": true
        },
        "utf-8-validate": {
          "optional": true
        }
      }
    },
    "node_modules/youtubei.js": {
      "version": "16.0.1",
      "resolved": "https://registry.npmjs.org/youtubei.js/-/youtubei.js-16.0.1.tgz",
      "integrity": "sha512-3802bCAGkBc2/G5WUTc0l/bO5mPYJbQAHL04d9hE9PnrDHoBUT8MN721Yqt4RCNncAXdHcfee9VdJy3Fhq1r5g==",
      "funding": [
        "https://github.com/sponsors/LuanRT"
      ],
      "license": "MIT",
      "dependencies": {
        "@bufbuild/protobuf": "^2.0.0",
        "meriyah": "^6.1.4"
      }
    }
  }
}
